
Microsoft Visual Studio Solution File, Format Version 12.00
# Visual Studio Version 17
VisualStudioVersion = 17.5.002.0
MinimumVisualStudioVersion = 10.0.40219.1
Project("{9A19103F-16F7-4668-BE54-9A1E7A4F7556}") = "FastZip", "FastZip\FastZip.csproj", "{4DF9AD5D-23B1-4D99-BFFE-24A529807AED}"
EndProject
Project("{FAE04EC0-301F-11D3-BF4B-00C04F79EFBC}") = "TestCompression", "TestCompression\TestCompression.csproj", "{155A80D9-36BD-40BB-A984-327A17BE45B2}"
EndProject
Global
	GlobalSection(SolutionConfigurationPlatforms) = preSolution
		Debug|Any CPU = Debug|Any CPU
		Release|Any CPU = Release|Any CPU
	EndGlobalSection
	GlobalSection(ProjectConfigurationPlatforms) = postSolution
		{4DF9AD5D-23B1-4D99-BFFE-24A529807AED}.Debug|Any CPU.ActiveCfg = Debug|Any CPU
		{4DF9AD5D-23B1-4D99-BFFE-24A529807AED}.Debug|Any CPU.Build.0 = Debug|Any CPU
		{4DF9AD5D-23B1-4D99-BFFE-24A529807AED}.Release|Any CPU.ActiveCfg = Release|Any CPU
		{4DF9AD5D-23B1-4D99-BFFE-24A529807AED}.Release|Any CPU.Build.0 = Release|Any CPU
		{155A80D9-36BD-40BB-A984-327A17BE45B2}.Debug|Any CPU.ActiveCfg = Debug|Any CPU
		{155A80D9-36BD-40BB-A984-327A17BE45B2}.Debug|Any CPU.Build.0 = Debug|Any CPU
		{155A80D9-36BD-40BB-A984-327A17BE45B2}.Release|Any CPU.ActiveCfg = Release|Any CPU
		{155A80D9-36BD-40BB-A984-327A17BE45B2}.Release|Any CPU.Build.0 = Release|Any CPU
	EndGlobalSection
	GlobalSection(SolutionProperties) = preSolution
		HideSolutionNode = FALSE
	EndGlobalSection
	GlobalSection(ExtensibilityGlobals) = postSolution
		SolutionGuid = {758787E0-EFE6-4FF3-A748-B482D4C524E9}
	EndGlobalSection
EndGlobal
